
Microsoft Visual Studio Solution File, Format Version 12.00
# Visual Studio Version 16
VisualStudioVersion = 16.0.30011.22
MinimumVisualStudioVersion = 10.0.40219.1
Project("{2150E333-8FDC-42A3-9474-1A3956D46DE8}") = "Common", "Common", "{C21E3B5B-260D-4EB5-8D3D-F3EC97ADC34C}"
EndProject
Project("{2150E333-8FDC-42A3-9474-1A3956D46DE8}") = "Services", "Services", "{2B703754-1ED0-469E-BC0D-4D89CB0AA78B}"
EndProject
Project("{2150E333-8FDC-42A3-9474-1A3956D46DE8}") = "Identity", "Identity", "{8F0CD220-B7D0-48EB-9EB3-516F98FD96EB}"
EndProject
Project("{9A19103F-16F7-4668-BE54-9A1E7A4F7556}") = "ProjectX.Identity.API", "Services\ProjectX.Identity\ProjectX.Identity.API\ProjectX.Identity.API.csproj", "{0A802CAE-ECB6-4698-8380-CDE181BD7A17}"
EndProject
Project("{9A19103F-16F7-4668-BE54-9A1E7A4F7556}") = "ProjectX.Identity.Domain", "Services\ProjectX.Identity\ProjectX.Identity.Domain\ProjectX.Identity.Domain.csproj", "{1E0BB34B-EB05-4F7C-A63B-CFB34A9B0660}"
EndProject
Project("{9A19103F-16F7-4668-BE54-9A1E7A4F7556}") = "ProjectX.Identity.Application", "Services\ProjectX.Identity\ProjectX.Identity.Application\ProjectX.Identity.Application.csproj", "{21FBB840-BB80-495D-A659-E490D5C332AC}"
EndProject
Project("{9A19103F-16F7-4668-BE54-9A1E7A4F7556}") = "ProjectX.Identity.Infrastructure", "Services\ProjectX.Identity\ProjectX.Identity.Infrastructure\ProjectX.Identity.Infrastructure.csproj", "{E9B1B6E5-2E73-4DA1-B5B4-6A140A87DD03}"
EndProject
Project("{9A19103F-16F7-4668-BE54-9A1E7A4F7556}") = "ProjectX.Identity.Persistence", "Services\ProjectX.Identity\ProjectX.Identity.Persistence\ProjectX.Identity.Persistence.csproj", "{6165363B-CBD9-4A42-B2E3-D51C7C2E1137}"
EndProject
Project("{2150E333-8FDC-42A3-9474-1A3956D46DE8}") = "Blog", "Blog", "{F94CC328-C850-4EE3-941A-A320AAA7B45E}"
EndProject
Project("{9A19103F-16F7-4668-BE54-9A1E7A4F7556}") = "ProjectX.Blog.Domain", "Services\ProjectX.Blog\ProjectX.Blog.Domain\ProjectX.Blog.Domain.csproj", "{F8B1D9CA-D205-4A2B-90E5-BAC9F30DB3E1}"
EndProject
Project("{9A19103F-16F7-4668-BE54-9A1E7A4F7556}") = "ProjectX.Blog.Application", "Services\ProjectX.Blog\ProjectX.Blog.Application\ProjectX.Blog.Application.csproj", "{321E7447-8A81-4B21-A324-8F663131D0DA}"
EndProject
Project("{9A19103F-16F7-4668-BE54-9A1E7A4F7556}") = "ProjectX.Blog.Infrastructure", "Services\ProjectX.Blog\ProjectX.Blog.Infrastructure\ProjectX.Blog.Infrastructure.csproj", "{802AA211-24CC-4F98-9D2A-6E639A42A918}"
EndProject
Project("{9A19103F-16F7-4668-BE54-9A1E7A4F7556}") = "ProjectX.Blog.Persistence", "Services\ProjectX.Blog\ProjectX.Blog.Persistence\ProjectX.Blog.Persistence.csproj", "{AC1B1AE2-97EA-42F7-A497-3F7D497FF071}"
EndProject
Project("{9A19103F-16F7-4668-BE54-9A1E7A4F7556}") = "ProjectX.Blog.API", "Services\ProjectX.Blog\ProjectX.Blog.API\ProjectX.Blog.API.csproj", "{4628B7F8-E3EB-4617-9763-331A262C388E}"
EndProject
Project("{9A19103F-16F7-4668-BE54-9A1E7A4F7556}") = "ProjectX.Core", "Common\ProjectX.Core\ProjectX.Core.csproj", "{47EFC42D-73E8-4BE4-83EA-0AC5795EB2A1}"
EndProject
Project("{9A19103F-16F7-4668-BE54-9A1E7A4F7556}") = "ProjectX.Email", "Common\ProjectX.Email\ProjectX.Email.csproj", "{64EDCB6B-B2E5-4770-8A02-12FD89543E91}"
EndProject
Project("{9A19103F-16F7-4668-BE54-9A1E7A4F7556}") = "ProjectX.gRPC", "Common\ProjectX.gRPC\ProjectX.gRPC.csproj", "{7A1A36FD-9C06-4DD6-BA26-D52B17E06B1F}"
EndProject
Project("{9A19103F-16F7-4668-BE54-9A1E7A4F7556}") = "ProjectX.Redis", "Common\ProjectX.Redis\ProjectX.Redis.csproj", "{C191018E-D322-4650-B148-7F1307396317}"
EndProject
Project("{9A19103F-16F7-4668-BE54-9A1E7A4F7556}") = "ProjectX.Infrastructure", "Common\ProjectX.Infrastructure\ProjectX.Infrastructure.csproj", "{8DDF0380-CBBB-4FEB-8DE4-5681F7EF5BE8}"
EndProject
Project("{9A19103F-16F7-4668-BE54-9A1E7A4F7556}") = "ProjectX.MessageBus", "Common\ProjectX.MessageBus\ProjectX.MessageBus.csproj", "{CEB21205-A842-4768-A372-6FB3AC1457DF}"
EndProject
Project("{FAE04EC0-301F-11D3-BF4B-00C04F79EFBC}") = "ProjectX.Contracts", "Common\ProjectX.Contracts\ProjectX.Contracts.csproj", "{CD8C4D93-19E1-4D90-B832-07CC0F321F4E}"
EndProject
Global
	GlobalSection(SolutionConfigurationPlatforms) = preSolution
		Debug|Any CPU = Debug|Any CPU
		Release|Any CPU = Release|Any CPU
	EndGlobalSection
	GlobalSection(ProjectConfigurationPlatforms) = postSolution
		{0A802CAE-ECB6-4698-8380-CDE181BD7A17}.Debug|Any CPU.ActiveCfg = Debug|Any CPU
		{0A802CAE-ECB6-4698-8380-CDE181BD7A17}.Debug|Any CPU.Build.0 = Debug|Any CPU
		{0A802CAE-ECB6-4698-8380-CDE181BD7A17}.Release|Any CPU.ActiveCfg = Release|Any CPU
		{0A802CAE-ECB6-4698-8380-CDE181BD7A17}.Release|Any CPU.Build.0 = Release|Any CPU
		{1E0BB34B-EB05-4F7C-A63B-CFB34A9B0660}.Debug|Any CPU.ActiveCfg = Debug|Any CPU
		{1E0BB34B-EB05-4F7C-A63B-CFB34A9B0660}.Debug|Any CPU.Build.0 = Debug|Any CPU
		{1E0BB34B-EB05-4F7C-A63B-CFB34A9B0660}.Release|Any CPU.ActiveCfg = Release|Any CPU
		{1E0BB34B-EB05-4F7C-A63B-CFB34A9B0660}.Release|Any CPU.Build.0 = Release|Any CPU
		{21FBB840-BB80-495D-A659-E490D5C332AC}.Debug|Any CPU.ActiveCfg = Debug|Any CPU
		{21FBB840-BB80-495D-A659-E490D5C332AC}.Debug|Any CPU.Build.0 = Debug|Any CPU
		{21FBB840-BB80-495D-A659-E490D5C332AC}.Release|Any CPU.ActiveCfg = Release|Any CPU
		{21FBB840-BB80-495D-A659-E490D5C332AC}.Release|Any CPU.Build.0 = Release|Any CPU
		{E9B1B6E5-2E73-4DA1-B5B4-6A140A87DD03}.Debug|Any CPU.ActiveCfg = Debug|Any CPU
		{E9B1B6E5-2E73-4DA1-B5B4-6A140A87DD03}.Debug|Any CPU.Build.0 = Debug|Any CPU
		{E9B1B6E5-2E73-4DA1-B5B4-6A140A87DD03}.Release|Any CPU.ActiveCfg = Release|Any CPU
		{E9B1B6E5-2E73-4DA1-B5B4-6A140A87DD03}.Release|Any CPU.Build.0 = Release|Any CPU
		{6165363B-CBD9-4A42-B2E3-D51C7C2E1137}.Debug|Any CPU.ActiveCfg = Debug|Any CPU
		{6165363B-CBD9-4A42-B2E3-D51C7C2E1137}.Debug|Any CPU.Build.0 = Debug|Any CPU
		{6165363B-CBD9-4A42-B2E3-D51C7C2E1137}.Release|Any CPU.ActiveCfg = Release|Any CPU
		{6165363B-CBD9-4A42-B2E3-D51C7C2E1137}.Release|Any CPU.Build.0 = Release|Any CPU
		{F8B1D9CA-D205-4A2B-90E5-BAC9F30DB3E1}.Debug|Any CPU.ActiveCfg = Debug|Any CPU
		{F8B1D9CA-D205-4A2B-90E5-BAC9F30DB3E1}.Debug|Any CPU.Build.0 = Debug|Any CPU
		{F8B1D9CA-D205-4A2B-90E5-BAC9F30DB3E1}.Release|Any CPU.ActiveCfg = Release|Any CPU
		{F8B1D9CA-D205-4A2B-90E5-BAC9F30DB3E1}.Release|Any CPU.Build.0 = Release|Any CPU
		{321E7447-8A81-4B21-A324-8F663131D0DA}.Debug|Any CPU.ActiveCfg = Debug|Any CPU
		{321E7447-8A81-4B21-A324-8F663131D0DA}.Debug|Any CPU.Build.0 = Debug|Any CPU
		{321E7447-8A81-4B21-A324-8F663131D0DA}.Release|Any CPU.ActiveCfg = Release|Any CPU
		{321E7447-8A81-4B21-A324-8F663131D0DA}.Release|Any CPU.Build.0 = Release|Any CPU
		{802AA211-24CC-4F98-9D2A-6E639A42A918}.Debug|Any CPU.ActiveCfg = Debug|Any CPU
		{802AA211-24CC-4F98-9D2A-6E639A42A918}.Debug|Any CPU.Build.0 = Debug|Any CPU
		{802AA211-24CC-4F98-9D2A-6E639A42A918}.Release|Any CPU.ActiveCfg = Release|Any CPU
		{802AA211-24CC-4F98-9D2A-6E639A42A918}.Release|Any CPU.Build.0 = Release|Any CPU
		{AC1B1AE2-97EA-42F7-A497-3F7D497FF071}.Debug|Any CPU.ActiveCfg = Debug|Any CPU
		{AC1B1AE2-97EA-42F7-A497-3F7D497FF071}.Debug|Any CPU.Build.0 = Debug|Any CPU
		{AC1B1AE2-97EA-42F7-A497-3F7D497FF071}.Release|Any CPU.ActiveCfg = Release|Any CPU
		{AC1B1AE2-97EA-42F7-A497-3F7D497FF071}.Release|Any CPU.Build.0 = Release|Any CPU
		{4628B7F8-E3EB-4617-9763-331A262C388E}.Debug|Any CPU.ActiveCfg = Debug|Any CPU
		{4628B7F8-E3EB-4617-9763-331A262C388E}.Debug|Any CPU.Build.0 = Debug|Any CPU
		{4628B7F8-E3EB-4617-9763-331A262C388E}.Release|Any CPU.ActiveCfg = Release|Any CPU
		{4628B7F8-E3EB-4617-9763-331A262C388E}.Release|Any CPU.Build.0 = Release|Any CPU
		{47EFC42D-73E8-4BE4-83EA-0AC5795EB2A1}.Debug|Any CPU.ActiveCfg = Debug|Any CPU
		{47EFC42D-73E8-4BE4-83EA-0AC5795EB2A1}.Debug|Any CPU.Build.0 = Debug|Any CPU
		{47EFC42D-73E8-4BE4-83EA-0AC5795EB2A1}.Release|Any CPU.ActiveCfg = Release|Any CPU
		{47EFC42D-73E8-4BE4-83EA-0AC5795EB2A1}.Release|Any CPU.Build.0 = Release|Any CPU
		{64EDCB6B-B2E5-4770-8A02-12FD89543E91}.Debug|Any CPU.ActiveCfg = Debug|Any CPU
		{64EDCB6B-B2E5-4770-8A02-12FD89543E91}.Debug|Any CPU.Build.0 = Debug|Any CPU
		{64EDCB6B-B2E5-4770-8A02-12FD89543E91}.Release|Any CPU.ActiveCfg = Release|Any CPU
		{64EDCB6B-B2E5-4770-8A02-12FD89543E91}.Release|Any CPU.Build.0 = Release|Any CPU
		{7A1A36FD-9C06-4DD6-BA26-D52B17E06B1F}.Debug|Any CPU.ActiveCfg = Debug|Any CPU
		{7A1A36FD-9C06-4DD6-BA26-D52B17E06B1F}.Debug|Any CPU.Build.0 = Debug|Any CPU
		{7A1A36FD-9C06-4DD6-BA26-D52B17E06B1F}.Release|Any CPU.ActiveCfg = Release|Any CPU
		{7A1A36FD-9C06-4DD6-BA26-D52B17E06B1F}.Release|Any CPU.Build.0 = Release|Any CPU
		{C191018E-D322-4650-B148-7F1307396317}.Debug|Any CPU.ActiveCfg = Debug|Any CPU
		{C191018E-D322-4650-B148-7F1307396317}.Debug|Any CPU.Build.0 = Debug|Any CPU
		{C191018E-D322-4650-B148-7F1307396317}.Release|Any CPU.ActiveCfg = Release|Any CPU
		{C191018E-D322-4650-B148-7F1307396317}.Release|Any CPU.Build.0 = Release|Any CPU
		{8DDF0380-CBBB-4FEB-8DE4-5681F7EF5BE8}.Debug|Any CPU.ActiveCfg = Debug|Any CPU
		{8DDF0380-CBBB-4FEB-8DE4-5681F7EF5BE8}.Debug|Any CPU.Build.0 = Debug|Any CPU
		{8DDF0380-CBBB-4FEB-8DE4-5681F7EF5BE8}.Release|Any CPU.ActiveCfg = Release|Any CPU
		{8DDF0380-CBBB-4FEB-8DE4-5681F7EF5BE8}.Release|Any CPU.Build.0 = Release|Any CPU
		{CEB21205-A842-4768-A372-6FB3AC1457DF}.Debug|Any CPU.ActiveCfg = Debug|Any CPU
		{CEB21205-A842-4768-A372-6FB3AC1457DF}.Debug|Any CPU.Build.0 = Debug|Any CPU
		{CEB21205-A842-4768-A372-6FB3AC1457DF}.Release|Any CPU.ActiveCfg = Release|Any CPU
		{CEB21205-A842-4768-A372-6FB3AC1457DF}.Release|Any CPU.Build.0 = Release|Any CPU
		{CD8C4D93-19E1-4D90-B832-07CC0F321F4E}.Debug|Any CPU.ActiveCfg = Debug|Any CPU
		{CD8C4D93-19E1-4D90-B832-07CC0F321F4E}.Debug|Any CPU.Build.0 = Debug|Any CPU
		{CD8C4D93-19E1-4D90-B832-07CC0F321F4E}.Release|Any CPU.ActiveCfg = Release|Any CPU
		{CD8C4D93-19E1-4D90-B832-07CC0F321F4E}.Release|Any CPU.Build.0 = Release|Any CPU
	EndGlobalSection
	GlobalSection(SolutionProperties) = preSolution
		HideSolutionNode = FALSE
	EndGlobalSection
	GlobalSection(NestedProjects) = preSolution
		{8F0CD220-B7D0-48EB-9EB3-516F98FD96EB} = {2B703754-1ED0-469E-BC0D-4D89CB0AA78B}
		{0A802CAE-ECB6-4698-8380-CDE181BD7A17} = {8F0CD220-B7D0-48EB-9EB3-516F98FD96EB}
		{1E0BB34B-EB05-4F7C-A63B-CFB34A9B0660} = {8F0CD220-B7D0-48EB-9EB3-516F98FD96EB}
		{21FBB840-BB80-495D-A659-E490D5C332AC} = {8F0CD220-B7D0-48EB-9EB3-516F98FD96EB}
		{E9B1B6E5-2E73-4DA1-B5B4-6A140A87DD03} = {8F0CD220-B7D0-48EB-9EB3-516F98FD96EB}
		{6165363B-CBD9-4A42-B2E3-D51C7C2E1137} = {8F0CD220-B7D0-48EB-9EB3-516F98FD96EB}
		{F94CC328-C850-4EE3-941A-A320AAA7B45E} = {2B703754-1ED0-469E-BC0D-4D89CB0AA78B}
		{F8B1D9CA-D205-4A2B-90E5-BAC9F30DB3E1} = {F94CC328-C850-4EE3-941A-A320AAA7B45E}
		{321E7447-8A81-4B21-A324-8F663131D0DA} = {F94CC328-C850-4EE3-941A-A320AAA7B45E}
		{802AA211-24CC-4F98-9D2A-6E639A42A918} = {F94CC328-C850-4EE3-941A-A320AAA7B45E}
		{AC1B1AE2-97EA-42F7-A497-3F7D497FF071} = {F94CC328-C850-4EE3-941A-A320AAA7B45E}
		{4628B7F8-E3EB-4617-9763-331A262C388E} = {F94CC328-C850-4EE3-941A-A320AAA7B45E}
		{47EFC42D-73E8-4BE4-83EA-0AC5795EB2A1} = {C21E3B5B-260D-4EB5-8D3D-F3EC97ADC34C}
		{64EDCB6B-B2E5-4770-8A02-12FD89543E91} = {C21E3B5B-260D-4EB5-8D3D-F3EC97ADC34C}
		{7A1A36FD-9C06-4DD6-BA26-D52B17E06B1F} = {C21E3B5B-260D-4EB5-8D3D-F3EC97ADC34C}
		{C191018E-D322-4650-B148-7F1307396317} = {C21E3B5B-260D-4EB5-8D3D-F3EC97ADC34C}
		{8DDF0380-CBBB-4FEB-8DE4-5681F7EF5BE8} = {C21E3B5B-260D-4EB5-8D3D-F3EC97ADC34C}
		{CEB21205-A842-4768-A372-6FB3AC1457DF} = {C21E3B5B-260D-4EB5-8D3D-F3EC97ADC34C}
		{CD8C4D93-19E1-4D90-B832-07CC0F321F4E} = {C21E3B5B-260D-4EB5-8D3D-F3EC97ADC34C}
	EndGlobalSection
	GlobalSection(ExtensibilityGlobals) = postSolution
		SolutionGuid = {AAD73823-E426-4F23-B791-C0572279EE50}
	EndGlobalSection
EndGlobal
